
Microsoft Visual Studio Solution File, Format Version 12.00
# Visual Studio Version 17
VisualStudioVersion = 17.13.35931.197 d17.13
MinimumVisualStudioVersion = 10.0.40219.1
Project("{FAE04EC0-301F-11D3-BF4B-00C04F79EFBC}") = "DAL", "DAL.csproj", "{A223BD2F-B674-440A-98CD-AB2E9C498C16}"
EndProject
Global
	GlobalSection(SolutionConfigurationPlatforms) = preSolution
		Debug|Any CPU = Debug|Any CPU
		Release|Any CPU = Release|Any CPU
	EndGlobalSection
	GlobalSection(ProjectConfigurationPlatforms) = postSolution
		{A223BD2F-B674-440A-98CD-AB2E9C498C16}.Debug|Any CPU.ActiveCfg = Debug|Any CPU
		{A223BD2F-B674-440A-98CD-AB2E9C498C16}.Debug|Any CPU.Build.0 = Debug|Any CPU
		{A223BD2F-B674-440A-98CD-AB2E9C498C16}.Release|Any CPU.ActiveCfg = Release|Any CPU
		{A223BD2F-B674-440A-98CD-AB2E9C498C16}.Release|Any CPU.Build.0 = Release|Any CPU
	EndGlobalSection
	GlobalSection(SolutionProperties) = preSolution
		HideSolutionNode = FALSE
	EndGlobalSection
	GlobalSection(ExtensibilityGlobals) = postSolution
		SolutionGuid = {F994E630-413D-455B-B90A-162752E11E87}
	EndGlobalSection
EndGlobal
